PODS:
  - anim_svg (0.0.1):
    - Flutter
  - Flutter (1.0.0)
  - thorvg_plus (1.1.0):
    - Flutter

DEPENDENCIES:
  - anim_svg (from `.symlinks/plugins/anim_svg/ios`)
  - Flutter (from `Flutter`)
  - thorvg_plus (from `.symlinks/plugins/thorvg_plus/ios`)

EXTERNAL SOURCES:
  anim_svg:
    :path: ".symlinks/plugins/anim_svg/ios"
  Flutter:
    :path: Flutter
  thorvg_plus:
    :path: ".symlinks/plugins/thorvg_plus/ios"

SPEC CHECKSUMS:
  anim_svg: 8b42649fcd0516d4c0de8e2056dbee3609ceef07
  Flutter: cabc95a1d2626b1b06e7179b784ebcf0c0cde467
  thorvg_plus: 44b18eceb47c10391e0f36c1097954973402e707

PODFILE CHECKSUM: 3c63482e143d1b91d2d2560aee9fb04ecc74ac7e

COCOAPODS: 1.16.2
