PODS:
  - anim_svg (0.0.1):
    - Flutter
  - Flutter (1.0.0)
  - integration_test (0.0.1):
    - Flutter
  - thorvg (1.0.0-src):
    - Flutter

DEPENDENCIES:
  - anim_svg (from `.symlinks/plugins/anim_svg/ios`)
  - Flutter (from `Flutter`)
  - integration_test (from `.symlinks/plugins/integration_test/ios`)
  - thorvg (from `.symlinks/plugins/thorvg/ios`)

EXTERNAL SOURCES:
  anim_svg:
    :path: ".symlinks/plugins/anim_svg/ios"
  Flutter:
    :path: Flutter
  integration_test:
    :path: ".symlinks/plugins/integration_test/ios"
  thorvg:
    :path: ".symlinks/plugins/thorvg/ios"

SPEC CHECKSUMS:
  anim_svg: 0736dc9b2ef930c5171cf6ad3ca12351d3bc3dd9
  Flutter: cabc95a1d2626b1b06e7179b784ebcf0c0cde467
  integration_test: 4a889634ef21a45d28d50d622cf412dc6d9f586e
  thorvg: a8b58d5744af4cbfce62a702b69799fe4671ac3d

PODFILE CHECKSUM: 3c63482e143d1b91d2d2560aee9fb04ecc74ac7e

COCOAPODS: 1.16.2
